<?xml version="1.0" encoding="utf-8"?>
<Project ToolsVersion="4.0" xmlns="http://schemas.microsoft.com/developer/msbuild/2003">
  <ItemGroup>
    <Filter Include="Pliki źródłowe">
      <UniqueIdentifier>{4FC737F1-C7A5-4376-A066-2A32D752A2FF}</UniqueIdentifier>
      <Extensions>cpp;c;cc;cxx;c++;cppm;ixx;def;odl;idl;hpj;bat;asm;asmx</Extensions>
    </Filter>
    <Filter Include="Pliki nagłówkowe">
      <UniqueIdentifier>{93995380-89BD-4b04-88EB-625FBE52EBFB}</UniqueIdentifier>
      <Extensions>h;hh;hpp;hxx;h++;hm;inl;inc;ipp;xsd</Extensions>
    </Filter>
    <Filter Include="Pliki zasobów">
      <UniqueIdentifier>{67DA6AB6-F800-4c08-8B7A-83BB121AAD01}</UniqueIdentifier>
      <Extensions>rc;ico;cur;bmp;dlg;rc2;rct;bin;rgs;gif;jpg;jpeg;jpe;resx;tiff;tif;png;wav;mfcribbon-ms</Extensions>
    </Filter>
    <Filter Include="Pliki zasobów\atackAnimation">
      <UniqueIdentifier>{aab62c77-1c98-4406-9d9c-e559a340900d}</UniqueIdentifier>
    </Filter>
    <Filter Include="Pliki zasobów\Player">
      <UniqueIdentifier>{0391b3c2-0279-4be1-a092-d98ef73dfa39}</UniqueIdentifier>
    </Filter>
    <Filter Include="Pliki zasobów\Player\no-move">
      <UniqueIdentifier>{25e80482-aebf-4fa4-a6e4-d7029fca47da}</UniqueIdentifier>
    </Filter>
    <Filter Include="Pliki zasobów\Player\up">
      <UniqueIdentifier>{9c4726a3-c753-475e-92de-e7e6cc3a867e}</UniqueIdentifier>
    </Filter>
    <Filter Include="Pliki zasobów\Player\down">
      <UniqueIdentifier>{1df23269-48fe-402e-b2b2-20e64361bf6b}</UniqueIdentifier>
    </Filter>
    <Filter Include="Pliki zasobów\Player\left">
      <UniqueIdentifier>{7ab5cf2f-5c7a-420c-86f2-9b996464f491}</UniqueIdentifier>
    </Filter>
    <Filter Include="Pliki zasobów\Player\right">
      <UniqueIdentifier>{f2e9451d-1fa3-4dc7-9bcd-f765f0c9c5e4}</UniqueIdentifier>
    </Filter>
    <Filter Include="Pliki zasobów\bases">
      <UniqueIdentifier>{5dc3544f-eed2-4b0f-947e-0ee37b4885c2}</UniqueIdentifier>
    </Filter>
    <Filter Include="Pliki zasobów\bases\grass">
      <UniqueIdentifier>{8e3bf1b5-e564-46f8-b0da-5b881be2143c}</UniqueIdentifier>
    </Filter>
    <Filter Include="Pliki zasobów\bases\path">
      <UniqueIdentifier>{c2ef8097-3640-4b24-91c2-46e94bc6b562}</UniqueIdentifier>
    </Filter>
    <Filter Include="Pliki zasobów\obstacles">
      <UniqueIdentifier>{528f5c25-8a62-44a7-b455-6b8f4c2d28ed}</UniqueIdentifier>
    </Filter>
    <Filter Include="Pliki zasobów\obstacles\stone">
      <UniqueIdentifier>{eb4110b5-ab80-4de4-9286-86d954225390}</UniqueIdentifier>
    </Filter>
    <Filter Include="Pliki zasobów\obstacles\trunk">
      <UniqueIdentifier>{1a0f7ee1-874b-47c8-9f23-3a23f2c96883}</UniqueIdentifier>
    </Filter>
    <Filter Include="Pliki zasobów\obstacles\leaves">
      <UniqueIdentifier>{95201dad-8f94-4d4a-8806-42f33d877388}</UniqueIdentifier>
    </Filter>
    <Filter Include="Pliki zasobów\bases\stone ruin">
      <UniqueIdentifier>{e2313723-07d4-4209-b1de-38f787c403d1}</UniqueIdentifier>
    </Filter>
  </ItemGroup>
  <ItemGroup>
    <ClCompile Include="main.cpp">
      <Filter>Pliki źródłowe</Filter>
    </ClCompile>
    <ClCompile Include="game.cpp">
      <Filter>Pliki źródłowe</Filter>
    </ClCompile>
    <ClCompile Include="AlgorithSAT.cpp">
      <Filter>Pliki źródłowe</Filter>
    </ClCompile>
    <ClCompile Include="ECS.cpp">
      <Filter>Pliki źródłowe</Filter>
    </ClCompile>
    <ClCompile Include="JBP.cpp">
      <Filter>Pliki źródłowe</Filter>
    </ClCompile>
    <ClCompile Include="mapy.cpp">
      <Filter>Pliki źródłowe</Filter>
    </ClCompile>
  </ItemGroup>
  <ItemGroup>
    <ClInclude Include="Game.h">
      <Filter>Pliki nagłówkowe</Filter>
    </ClInclude>
    <ClInclude Include="AlgorithSAT.h">
      <Filter>Pliki nagłówkowe</Filter>
    </ClInclude>
    <ClInclude Include="Components.h">
      <Filter>Pliki nagłówkowe</Filter>
    </ClInclude>
    <ClInclude Include="ECS.h">
      <Filter>Pliki nagłówkowe</Filter>
    </ClInclude>
    <ClInclude Include="mapy.h">
      <Filter>Pliki nagłówkowe</Filter>
    </ClInclude>
  </ItemGroup>
  <ItemGroup>
    <Image Include="assets\atackAnimation\1.png">
      <Filter>Pliki zasobów\atackAnimation</Filter>
    </Image>
    <Image Include="assets\atackAnimation\2.png">
      <Filter>Pliki zasobów\atackAnimation</Filter>
    </Image>
    <Image Include="assets\atackAnimation\3.png">
      <Filter>Pliki zasobów\atackAnimation</Filter>
    </Image>
    <Image Include="assets\atackAnimation\4.png">
      <Filter>Pliki zasobów\atackAnimation</Filter>
    </Image>
    <Image Include="assets\atackAnimation\5.png">
      <Filter>Pliki zasobów\atackAnimation</Filter>
    </Image>
    <Image Include="assets\atackAnimation\6.png">
      <Filter>Pliki zasobów\atackAnimation</Filter>
    </Image>
    <Image Include="assets\atackAnimation\7.png">
      <Filter>Pliki zasobów\atackAnimation</Filter>
    </Image>
    <Image Include="assets\atackAnimation\8.png">
      <Filter>Pliki zasobów\atackAnimation</Filter>
    </Image>
    <Image Include="assets\blad.png">
      <Filter>Pliki zasobów</Filter>
    </Image>
    <Image Include="assets\arrow.png">
      <Filter>Pliki zasobów</Filter>
    </Image>
    <Image Include="assets\Player\no-move\1.png">
      <Filter>Pliki zasobów\Player\no-move</Filter>
    </Image>
    <Image Include="assets\Player\no-move\2.png">
      <Filter>Pliki zasobów\Player\no-move</Filter>
    </Image>
    <Image Include="assets\Player\no-move\3.png">
      <Filter>Pliki zasobów\Player\no-move</Filter>
    </Image>
    <Image Include="assets\Player\no-move\4.png">
      <Filter>Pliki zasobów\Player\no-move</Filter>
    </Image>
    <Image Include="assets\Player\up\1.png">
      <Filter>Pliki zasobów\Player\up</Filter>
    </Image>
    <Image Include="assets\Player\up\2.png">
      <Filter>Pliki zasobów\Player\up</Filter>
    </Image>
    <Image Include="assets\Player\up\3.png">
      <Filter>Pliki zasobów\Player\up</Filter>
    </Image>
    <Image Include="assets\Player\up\4.png">
      <Filter>Pliki zasobów\Player\up</Filter>
    </Image>
    <Image Include="assets\Player\down\1.png">
      <Filter>Pliki zasobów\Player\down</Filter>
    </Image>
    <Image Include="assets\Player\down\2.png">
      <Filter>Pliki zasobów\Player\down</Filter>
    </Image>
    <Image Include="assets\Player\down\3.png">
      <Filter>Pliki zasobów\Player\down</Filter>
    </Image>
    <Image Include="assets\Player\down\4.png">
      <Filter>Pliki zasobów\Player\down</Filter>
    </Image>
    <Image Include="assets\Player\left\1.png">
      <Filter>Pliki zasobów\Player\left</Filter>
    </Image>
    <Image Include="assets\Player\left\2.png">
      <Filter>Pliki zasobów\Player\left</Filter>
    </Image>
    <Image Include="assets\Player\left\3.png">
      <Filter>Pliki zasobów\Player\left</Filter>
    </Image>
    <Image Include="assets\Player\left\4.png">
      <Filter>Pliki zasobów\Player\left</Filter>
    </Image>
    <Image Include="assets\Player\right\1.png">
      <Filter>Pliki zasobów\Player\right</Filter>
    </Image>
    <Image Include="assets\Player\right\2.png">
      <Filter>Pliki zasobów\Player\right</Filter>
    </Image>
    <Image Include="assets\Player\right\3.png">
      <Filter>Pliki zasobów\Player\right</Filter>
    </Image>
    <Image Include="assets\Player\right\4.png">
      <Filter>Pliki zasobów\Player\right</Filter>
    </Image>
    <Image Include="assets\obstacles\stone\001.png">
      <Filter>Pliki zasobów\obstacles\stone</Filter>
    </Image>
    <Image Include="assets\obstacles\stone\002.png">
      <Filter>Pliki zasobów\obstacles\stone</Filter>
    </Image>
    <Image Include="assets\obstacles\stone\003.png">
      <Filter>Pliki zasobów\obstacles\stone</Filter>
    </Image>
    <Image Include="assets\obstacles\trunk\001.png">
      <Filter>Pliki zasobów\obstacles\trunk</Filter>
    </Image>
    <Image Include="assets\obstacles\trunk\002.png">
      <Filter>Pliki zasobów\obstacles\trunk</Filter>
    </Image>
    <Image Include="assets\obstacles\trunk\003.png">
      <Filter>Pliki zasobów\obstacles\trunk</Filter>
    </Image>
    <Image Include="assets\obstacles\leaves\001.png">
      <Filter>Pliki zasobów\obstacles\leaves</Filter>
    </Image>
    <Image Include="assets\obstacles\leaves\002.png">
      <Filter>Pliki zasobów\obstacles\leaves</Filter>
    </Image>
    <Image Include="assets\obstacles\leaves\004.png">
      <Filter>Pliki zasobów\obstacles\leaves</Filter>
    </Image>
    <Image Include="assets\obstacles\leaves\005.png">
      <Filter>Pliki zasobów\obstacles\leaves</Filter>
    </Image>
    <Image Include="assets\bases\stone ruin\001.png">
      <Filter>Pliki zasobów\bases\stone ruin</Filter>
    </Image>
    <Image Include="assets\bases\stone ruin\002.png">
      <Filter>Pliki zasobów\bases\stone ruin</Filter>
    </Image>
    <Image Include="assets\bases\stone ruin\003.png">
      <Filter>Pliki zasobów\bases\stone ruin</Filter>
    </Image>
    <Image Include="assets\bases\stone ruin\004.png">
      <Filter>Pliki zasobów\bases\stone ruin</Filter>
    </Image>
    <Image Include="assets\bases\stone ruin\005.png">
      <Filter>Pliki zasobów\bases\stone ruin</Filter>
    </Image>
    <Image Include="assets\bases\stone ruin\006.png">
      <Filter>Pliki zasobów\bases\stone ruin</Filter>
    </Image>
    <Image Include="assets\bases\stone ruin\007.png">
      <Filter>Pliki zasobów\bases\stone ruin</Filter>
    </Image>
    <Image Include="assets\bases\stone ruin\008.png">
      <Filter>Pliki zasobów\bases\stone ruin</Filter>
    </Image>
    <Image Include="assets\bases\stone ruin\009.png">
      <Filter>Pliki zasobów\bases\stone ruin</Filter>
    </Image>
    <Image Include="assets\bases\stone ruin\010.png">
      <Filter>Pliki zasobów\bases\stone ruin</Filter>
    </Image>
    <Image Include="assets\bases\stone ruin\011.png">
      <Filter>Pliki zasobów\bases\stone ruin</Filter>
    </Image>
    <Image Include="assets\bases\stone ruin\012.png">
      <Filter>Pliki zasobów\bases\stone ruin</Filter>
    </Image>
    <Image Include="assets\bases\stone ruin\013.png">
      <Filter>Pliki zasobów\bases\stone ruin</Filter>
    </Image>
    <Image Include="assets\bases\stone ruin\014.png">
      <Filter>Pliki zasobów\bases\stone ruin</Filter>
    </Image>
    <Image Include="assets\bases\stone ruin\015.png">
      <Filter>Pliki zasobów\bases\stone ruin</Filter>
    </Image>
    <Image Include="assets\bases\stone ruin\016.png">
      <Filter>Pliki zasobów\bases\stone ruin</Filter>
    </Image>
    <Image Include="assets\bases\stone ruin\017.png">
      <Filter>Pliki zasobów\bases\stone ruin</Filter>
    </Image>
    <Image Include="assets\bases\stone ruin\018.png">
      <Filter>Pliki zasobów\bases\stone ruin</Filter>
    </Image>
    <Image Include="assets\bases\stone ruin\019.png">
      <Filter>Pliki zasobów\bases\stone ruin</Filter>
    </Image>
    <Image Include="assets\bases\stone ruin\020.png">
      <Filter>Pliki zasobów\bases\stone ruin</Filter>
    </Image>
    <Image Include="assets\bases\stone ruin\021.png">
      <Filter>Pliki zasobów\bases\stone ruin</Filter>
    </Image>
    <Image Include="assets\bases\stone ruin\022.png">
      <Filter>Pliki zasobów\bases\stone ruin</Filter>
    </Image>
    <Image Include="assets\bases\stone ruin\023.png">
      <Filter>Pliki zasobów\bases\stone ruin</Filter>
    </Image>
    <Image Include="assets\bases\stone ruin\024.png">
      <Filter>Pliki zasobów\bases\stone ruin</Filter>
    </Image>
    <Image Include="assets\bases\stone ruin\025.png">
      <Filter>Pliki zasobów\bases\stone ruin</Filter>
    </Image>
    <Image Include="assets\bases\grass\026.png">
      <Filter>Pliki zasobów\bases\grass</Filter>
    </Image>
    <Image Include="assets\bases\grass\027.png">
      <Filter>Pliki zasobów\bases\grass</Filter>
    </Image>
    <Image Include="assets\bases\grass\028.png">
      <Filter>Pliki zasobów\bases\grass</Filter>
    </Image>
    <Image Include="assets\bases\grass\029.png">
      <Filter>Pliki zasobów\bases\grass</Filter>
    </Image>
    <Image Include="assets\bases\grass\030.png">
      <Filter>Pliki zasobów\bases\grass</Filter>
    </Image>
    <Image Include="assets\bases\grass\031.png">
      <Filter>Pliki zasobów\bases\grass</Filter>
    </Image>
    <Image Include="assets\bases\grass\032.png">
      <Filter>Pliki zasobów\bases\grass</Filter>
    </Image>
    <Image Include="assets\bases\grass\033.png">
      <Filter>Pliki zasobów\bases\grass</Filter>
    </Image>
    <Image Include="assets\bases\grass\034.png">
      <Filter>Pliki zasobów\bases\grass</Filter>
    </Image>
    <Image Include="assets\bases\grass\035.png">
      <Filter>Pliki zasobów\bases\grass</Filter>
    </Image>
    <Image Include="assets\bases\path\036.png">
      <Filter>Pliki zasobów\bases\path</Filter>
    </Image>
    <Image Include="assets\bases\path\037.png">
      <Filter>Pliki zasobów\bases\path</Filter>
    </Image>
    <Image Include="assets\bases\path\038.png">
      <Filter>Pliki zasobów\bases\path</Filter>
    </Image>
    <Image Include="assets\bases\path\039.png">
      <Filter>Pliki zasobów\bases\path</Filter>
    </Image>
    <Image Include="assets\bases\path\040.png">
      <Filter>Pliki zasobów\bases\path</Filter>
    </Image>
    <Image Include="assets\bases\path\041.png">
      <Filter>Pliki zasobów\bases\path</Filter>
    </Image>
    <Image Include="assets\bases\path\042.png">
      <Filter>Pliki zasobów\bases\path</Filter>
    </Image>
    <Image Include="assets\bases\path\043.png">
      <Filter>Pliki zasobów\bases\path</Filter>
    </Image>
  </ItemGroup>
</Project>